
Microsoft Visual Studio Solution File, Format Version 12.00
# Visual Studio Version 16
VisualStudioVersion = 16.0.30804.86
MinimumVisualStudioVersion = 10.0.40219.1
Project("{FAE04EC0-301F-11D3-BF4B-00C04F79EFBC}") = "FirstYearComputingWebsite", "FirstYearComputingWebsite\FirstYearComputingWebsite.csproj", "{0F4DC2C6-8BC9-4A0D-A9C8-C7F9E0BD22C7}"
EndProject
Global
	GlobalSection(SolutionConfigurationPlatforms) = preSolution
		Debug|Any CPU = Debug|Any CPU
		Release|Any CPU = Release|Any CPU
	EndGlobalSection
	GlobalSection(ProjectConfigurationPlatforms) = postSolution
		{0F4DC2C6-8BC9-4A0D-A9C8-C7F9E0BD22C7}.Debug|Any CPU.ActiveCfg = Debug|Any CPU
		{0F4DC2C6-8BC9-4A0D-A9C8-C7F9E0BD22C7}.Debug|Any CPU.Build.0 = Debug|Any CPU
		{0F4DC2C6-8BC9-4A0D-A9C8-C7F9E0BD22C7}.Release|Any CPU.ActiveCfg = Release|Any CPU
		{0F4DC2C6-8BC9-4A0D-A9C8-C7F9E0BD22C7}.Release|Any CPU.Build.0 = Release|Any CPU
	EndGlobalSection
	GlobalSection(SolutionProperties) = preSolution
		HideSolutionNode = FALSE
	EndGlobalSection
	GlobalSection(ExtensibilityGlobals) = postSolution
		SolutionGuid = {6E33E059-FAE1-4D17-B2A5-1A518850C8FE}
	EndGlobalSection
EndGlobal
